PODS:
  - Crashlytics (3.10.7):
    - Fabric (~> 1.7.11)
  - Fabric (1.7.11)

DEPENDENCIES:
  - Crashlytics (~> 3.10.7)
  - Fabric (~> 1.7.11)

SPEC REPOS:
  https://github.com/cocoapods/specs.git:
    - Crashlytics
    - Fabric

SPEC CHECKSUMS:
  Crashlytics: ccaac42660eb9351b9960c0d66106b0bcf99f4fa
  Fabric: f233c9492b3bbc1f04e3882986740f7988a58edb

PODFILE CHECKSUM: 3d9518d6ebf460ae3763a94186c2cfe8a8028a9a

COCOAPODS: 1.5.3
