// !$*UTF8*$!
{
	archiveVersion = 1;
	classes = {
	};
	objectVersion = 48;
	objects = {

/* Begin PBXBuildFile section */
		98087C9D2069FAE000EB0747 /* AppDelegate.swift in Sources */ = {isa = PBXBuildFile; fileRef = 98087C9C2069FAE000EB0747 /* AppDelegate.swift */; };
		98087C9F2069FAE000EB0747 /* LoginViewController.swift in Sources */ = {isa = PBXBuildFile; fileRef = 98087C9E2069FAE000EB0747 /* LoginViewController.swift */; };
		98087CA22069FAE000EB0747 /* Login.storyboard in Resources */ = {isa = PBXBuildFile; fileRef = 98087CA02069FAE000EB0747 /* Login.storyboard */; };
		98087CA52069FAE000EB0747 /* AppFollow.xcdatamodeld in Sources */ = {isa = PBXBuildFile; fileRef = 98087CA32069FAE000EB0747 /* AppFollow.xcdatamodeld */; };
		98087CA72069FAE000EB0747 /* Assets.xcassets in Resources */ = {isa = PBXBuildFile; fileRef = 98087CA62069FAE000EB0747 /* Assets.xcassets */; };
		98087CAA2069FAE000EB0747 /* LaunchScreen.storyboard in Resources */ = {isa = PBXBuildFile; fileRef = 98087CA82069FAE000EB0747 /* LaunchScreen.storyboard */; };
		98087CB8206BE63300EB0747 /* Alamofire.framework in Frameworks */ = {isa = PBXBuildFile; fileRef = 98087CB7206BE63300EB0747 /* Alamofire.framework */; };
		98087CBA206BEACB00EB0747 /* LoginProcess.swift in Sources */ = {isa = PBXBuildFile; fileRef = 98087CB9206BEACB00EB0747 /* LoginProcess.swift */; };
		981C3B11206EBF820072E3A2 /* ToastSwiftFramework.framework in Frameworks */ = {isa = PBXBuildFile; fileRef = 981C3B10206EBF820072E3A2 /* ToastSwiftFramework.framework */; };
		981C3B13206ECB9E0072E3A2 /* AppViewController.swift in Sources */ = {isa = PBXBuildFile; fileRef = 981C3B12206ECB9E0072E3A2 /* AppViewController.swift */; };
		981C3B15206ED0020072E3A2 /* IconLoader.swift in Sources */ = {isa = PBXBuildFile; fileRef = 981C3B14206ED0020072E3A2 /* IconLoader.swift */; };
		981C3B172070309F0072E3A2 /* AppReviewsDataSource.swift in Sources */ = {isa = PBXBuildFile; fileRef = 981C3B162070309F0072E3A2 /* AppReviewsDataSource.swift */; };
		981C3B192070C1F40072E3A2 /* Page.swift in Sources */ = {isa = PBXBuildFile; fileRef = 981C3B182070C1F40072E3A2 /* Page.swift */; };
		982D5505207B5B880001A6D9 /* Payload.swift in Sources */ = {isa = PBXBuildFile; fileRef = 982D5504207B5B870001A6D9 /* Payload.swift */; };
		982D5507207BB5D10001A6D9 /* PushTest.swift in Sources */ = {isa = PBXBuildFile; fileRef = 982D5506207BB5D10001A6D9 /* PushTest.swift */; };
		982D5509207BBAF90001A6D9 /* Int.swift in Sources */ = {isa = PBXBuildFile; fileRef = 982D5508207BBAF90001A6D9 /* Int.swift */; };
		982D550B207BBB620001A6D9 /* Array.swift in Sources */ = {isa = PBXBuildFile; fileRef = 982D550A207BBB620001A6D9 /* Array.swift */; };
		984E51A7206BF71500CDB24D /* Auth.swift in Sources */ = {isa = PBXBuildFile; fileRef = 984E51A6206BF71500CDB24D /* Auth.swift */; };
		984E51AA206BF73200CDB24D /* String.swift in Sources */ = {isa = PBXBuildFile; fileRef = 984E51A9206BF73200CDB24D /* String.swift */; };
		984E51AD206BF79100CDB24D /* Main.storyboard in Resources */ = {isa = PBXBuildFile; fileRef = 984E51AC206BF79100CDB24D /* Main.storyboard */; };
		984E51AF206BFA1A00CDB24D /* AppsViewController.swift in Sources */ = {isa = PBXBuildFile; fileRef = 984E51AE206BFA1A00CDB24D /* AppsViewController.swift */; };
		984E51B5206C170D00CDB24D /* AuthStorage.swift in Sources */ = {isa = PBXBuildFile; fileRef = 984E51B4206C170D00CDB24D /* AuthStorage.swift */; };
		984E51B7206C1CE400CDB24D /* DependencyProvider.swift in Sources */ = {isa = PBXBuildFile; fileRef = 984E51B6206C1CE400CDB24D /* DependencyProvider.swift */; };
		984E51B9206C1DE100CDB24D /* MainViewController.swift in Sources */ = {isa = PBXBuildFile; fileRef = 984E51B8206C1DE100CDB24D /* MainViewController.swift */; };
		984E51DB206C236300CDB24D /* Endpoint.swift in Sources */ = {isa = PBXBuildFile; fileRef = 984E51DA206C236300CDB24D /* Endpoint.swift */; };
		984E51DD206C244E00CDB24D /* Hash.swift in Sources */ = {isa = PBXBuildFile; fileRef = 984E51DC206C244E00CDB24D /* Hash.swift */; };
		984E51DF206C261F00CDB24D /* CommonCrypto.framework in Frameworks */ = {isa = PBXBuildFile; fileRef = 984E51DE206C261F00CDB24D /* CommonCrypto.framework */; };
		984E51E1206C30BB00CDB24D /* Collection.swift in Sources */ = {isa = PBXBuildFile; fileRef = 984E51E0206C30BB00CDB24D /* Collection.swift */; };
		984E51E3206C343600CDB24D /* App.swift in Sources */ = {isa = PBXBuildFile; fileRef = 984E51E2206C343600CDB24D /* App.swift */; };
		984E51E5206C3E8200CDB24D /* Codable.swift in Sources */ = {isa = PBXBuildFile; fileRef = 984E51E4206C3E8200CDB24D /* Codable.swift */; };
		984E51E7206C431700CDB24D /* AppCell.swift in Sources */ = {isa = PBXBuildFile; fileRef = 984E51E6206C431700CDB24D /* AppCell.swift */; };
		984E51E9206C43A000CDB24D /* AppsDataSource.swift in Sources */ = {isa = PBXBuildFile; fileRef = 984E51E8206C43A000CDB24D /* AppsDataSource.swift */; };
		984E51EB206CE37100CDB24D /* AlamofireImage.framework in Frameworks */ = {isa = PBXBuildFile; fileRef = 984E51EA206CE37000CDB24D /* AlamofireImage.framework */; };
		984E51EE206CFA0700CDB24D /* ApiRequest.swift in Sources */ = {isa = PBXBuildFile; fileRef = 984E51ED206CFA0700CDB24D /* ApiRequest.swift */; };
		984E51F1206D05CB00CDB24D /* Store.swift in Sources */ = {isa = PBXBuildFile; fileRef = 984E51F0206D05CB00CDB24D /* Store.swift */; };
		984E51F3206D069000CDB24D /* ReviewsSummary.swift in Sources */ = {isa = PBXBuildFile; fileRef = 984E51F2206D069000CDB24D /* ReviewsSummary.swift */; };
		98631889206D7D1000D6A14F /* ReviewCell.swift in Sources */ = {isa = PBXBuildFile; fileRef = 98631888206D7D1000D6A14F /* ReviewCell.swift */; };
		9863188E206D80CF00D6A14F /* Id.swift in Sources */ = {isa = PBXBuildFile; fileRef = 9863188D206D80CF00D6A14F /* Id.swift */; };
		98631892206D847700D6A14F /* ReviewsDataSource.swift in Sources */ = {isa = PBXBuildFile; fileRef = 98631891206D847700D6A14F /* ReviewsDataSource.swift */; };
		98631894206E4EFE00D6A14F /* DateSection.swift in Sources */ = {isa = PBXBuildFile; fileRef = 98631893206E4EFE00D6A14F /* DateSection.swift */; };
		98631896206E58A900D6A14F /* Date.swift in Sources */ = {isa = PBXBuildFile; fileRef = 98631895206E58A900D6A14F /* Date.swift */; };
		986B85792080A4D50051F8F8 /* DeveloperActions.swift in Sources */ = {isa = PBXBuildFile; fileRef = 986B85782080A4D50051F8F8 /* DeveloperActions.swift */; };
		986B857B2080A8170051F8F8 /* UIAlertAction.swift in Sources */ = {isa = PBXBuildFile; fileRef = 986B857A2080A8170051F8F8 /* UIAlertAction.swift */; };
		986B857E2080A91C0051F8F8 /* SwiftyBeaver.swift in Sources */ = {isa = PBXBuildFile; fileRef = 986B857D2080A91C0051F8F8 /* SwiftyBeaver.swift */; };
		98815DBC20721C2A00A7A6C6 /* WhatsNewDataSource.swift in Sources */ = {isa = PBXBuildFile; fileRef = 98815DBB20721C2A00A7A6C6 /* WhatsNewDataSource.swift */; };
		98815DBE20721CE000A7A6C6 /* WhatsNew.swift in Sources */ = {isa = PBXBuildFile; fileRef = 98815DBD20721CE000A7A6C6 /* WhatsNew.swift */; };
		98815DC020724EA300A7A6C6 /* WhatsNewCell.swift in Sources */ = {isa = PBXBuildFile; fileRef = 98815DBF20724EA300A7A6C6 /* WhatsNewCell.swift */; };
		98815DC22072576600A7A6C6 /* SubtitleTableCell.swift in Sources */ = {isa = PBXBuildFile; fileRef = 98815DC12072576600A7A6C6 /* SubtitleTableCell.swift */; };
		98815DC42072585C00A7A6C6 /* OverviewDataSource.swift in Sources */ = {isa = PBXBuildFile; fileRef = 98815DC32072585C00A7A6C6 /* OverviewDataSource.swift */; };
		98815DC62072735800A7A6C6 /* ReviewViewController.swift in Sources */ = {isa = PBXBuildFile; fileRef = 98815DC52072735800A7A6C6 /* ReviewViewController.swift */; };
		98815DC82072749300A7A6C6 /* UIView.swift in Sources */ = {isa = PBXBuildFile; fileRef = 98815DC72072749300A7A6C6 /* UIView.swift */; };
		98815DCA207283E200A7A6C6 /* ReviewReplyDataSource.swift in Sources */ = {isa = PBXBuildFile; fileRef = 98815DC9207283E200A7A6C6 /* ReviewReplyDataSource.swift */; };
		98815DCC2072915800A7A6C6 /* AnswerCell.swift in Sources */ = {isa = PBXBuildFile; fileRef = 98815DCB2072915800A7A6C6 /* AnswerCell.swift */; };
		98CB4F152073630100F32EEE /* TabViewController.swift in Sources */ = {isa = PBXBuildFile; fileRef = 98CB4F142073630100F32EEE /* TabViewController.swift */; };
		98CB4F172073719A00F32EEE /* Reply.swift in Sources */ = {isa = PBXBuildFile; fileRef = 98CB4F162073719A00F32EEE /* Reply.swift */; };
		98CB4F19207374CB00F32EEE /* Data.swift in Sources */ = {isa = PBXBuildFile; fileRef = 98CB4F18207374CB00F32EEE /* Data.swift */; };
		98CB4F1B207380B700F32EEE /* Error.swift in Sources */ = {isa = PBXBuildFile; fileRef = 98CB4F1A207380B700F32EEE /* Error.swift */; };
		98CB4F1D20741AA000F32EEE /* Types.swift in Sources */ = {isa = PBXBuildFile; fileRef = 98CB4F1C20741AA000F32EEE /* Types.swift */; };
		98CB4F2020742C3300F32EEE /* SwiftyBeaver.framework in Frameworks */ = {isa = PBXBuildFile; fileRef = 98CB4F1F20742C3300F32EEE /* SwiftyBeaver.framework */; };
		98CB4F22207432CD00F32EEE /* PushNotifications.swift in Sources */ = {isa = PBXBuildFile; fileRef = 98CB4F21207432CD00F32EEE /* PushNotifications.swift */; };
		98CB4F27207634CC00F32EEE /* NotificationsDelegate.swift in Sources */ = {isa = PBXBuildFile; fileRef = 98CB4F26207634CC00F32EEE /* NotificationsDelegate.swift */; };
		98CB4F2F207650A000F32EEE /* DeeplinkTests.swift in Sources */ = {isa = PBXBuildFile; fileRef = 98CB4F2E207650A000F32EEE /* DeeplinkTests.swift */; };
		98CB4F372076554E00F32EEE /* URL.swift in Sources */ = {isa = PBXBuildFile; fileRef = 98CB4F362076554D00F32EEE /* URL.swift */; };
		98CB4F3920765D0900F32EEE /* PayloadNavigation.swift in Sources */ = {isa = PBXBuildFile; fileRef = 98CB4F3820765D0900F32EEE /* PayloadNavigation.swift */; };
		98F01F48206D572300FA461F /* StateRefresh.swift in Sources */ = {isa = PBXBuildFile; fileRef = 98F01F47206D572300FA461F /* StateRefresh.swift */; };
		98F01F4A206D62DD00FA461F /* Profile.swift in Sources */ = {isa = PBXBuildFile; fileRef = 98F01F49206D62DD00FA461F /* Profile.swift */; };
		98F01F4C206D639800FA461F /* ProfileStorage.swift in Sources */ = {isa = PBXBuildFile; fileRef = 98F01F4B206D639800FA461F /* ProfileStorage.swift */; };
		98F01F4F206D6D6300FA461F /* ProfileViewController.swift in Sources */ = {isa = PBXBuildFile; fileRef = 98F01F4E206D6D6300FA461F /* ProfileViewController.swift */; };
		98F7D31D206D704E005195BD /* ReviewsViewController.swift in Sources */ = {isa = PBXBuildFile; fileRef = 98F7D31C206D704E005195BD /* ReviewsViewController.swift */; };
		98F7D31F206D7462005195BD /* Review.swift in Sources */ = {isa = PBXBuildFile; fileRef = 98F7D31E206D7462005195BD /* Review.swift */; };
		98F7D321206D7ACE005195BD /* Cosmos.framework in Frameworks */ = {isa = PBXBuildFile; fileRef = 98F7D320206D7ACE005195BD /* Cosmos.framework */; };
/* End PBXBuildFile section */

/* Begin PBXContainerItemProxy section */
		98CB4F31207650A000F32EEE /* PBXContainerItemProxy */ = {
			isa = PBXContainerItemProxy;
			containerPortal = 98087C912069FAE000EB0747 /* Project object */;
			proxyType = 1;
			remoteGlobalIDString = 98087C982069FAE000EB0747;
			remoteInfo = AppFollow;
		};
/* End PBXContainerItemProxy section */

/* Begin PBXFileReference section */
		98087C992069FAE000EB0747 /* AppFollow.app */ = {isa = PBXFileReference; explicitFileType = wrapper.application; includeInIndex = 0; path = AppFollow.app; sourceTree = BUILT_PRODUCTS_DIR; };
		98087C9C2069FAE000EB0747 /* AppDelegate.swift */ = {isa = PBXFileReference; lastKnownFileType = sourcecode.swift; path = AppDelegate.swift; sourceTree = "<group>"; };
		98087C9E2069FAE000EB0747 /* LoginViewController.swift */ = {isa = PBXFileReference; lastKnownFileType = sourcecode.swift; path = LoginViewController.swift; sourceTree = "<group>"; };
		98087CA12069FAE000EB0747 /* Base */ = {isa = PBXFileReference; lastKnownFileType = file.storyboard; name = Base; path = Base.lproj/Login.storyboard; sourceTree = "<group>"; };
		98087CA42069FAE000EB0747 /* AppFollow.xcdatamodel */ = {isa = PBXFileReference; lastKnownFileType = wrapper.xcdatamodel; path = AppFollow.xcdatamodel; sourceTree = "<group>"; };
		98087CA62069FAE000EB0747 /* Assets.xcassets */ = {isa = PBXFileReference; lastKnownFileType = folder.assetcatalog; path = Assets.xcassets; sourceTree = "<group>"; };
		98087CA92069FAE000EB0747 /* Base */ = {isa = PBXFileReference; lastKnownFileType = file.storyboard; name = Base; path = Base.lproj/LaunchScreen.storyboard; sourceTree = "<group>"; };
		98087CAB2069FAE000EB0747 /* Info.plist */ = {isa = PBXFileReference; lastKnownFileType = text.plist.xml; path = Info.plist; sourceTree = "<group>"; };
		98087CB4206BE53D00EB0747 /* TTGSnackbar.framework */ = {isa = PBXFileReference; lastKnownFileType = wrapper.framework; name = TTGSnackbar.framework; path = Carthage/Build/iOS/TTGSnackbar.framework; sourceTree = "<group>"; };
		98087CB7206BE63300EB0747 /* Alamofire.framework */ = {isa = PBXFileReference; lastKnownFileType = wrapper.framework; name = Alamofire.framework; path = Carthage/Build/iOS/Alamofire.framework; sourceTree = "<group>"; };
		98087CB9206BEACB00EB0747 /* LoginProcess.swift */ = {isa = PBXFileReference; lastKnownFileType = sourcecode.swift; path = LoginProcess.swift; sourceTree = "<group>"; };
		981C3B10206EBF820072E3A2 /* ToastSwiftFramework.framework */ = {isa = PBXFileReference; lastKnownFileType = wrapper.framework; name = ToastSwiftFramework.framework; path = Carthage/Build/iOS/ToastSwiftFramework.framework; sourceTree = "<group>"; };
		981C3B12206ECB9E0072E3A2 /* AppViewController.swift */ = {isa = PBXFileReference; lastKnownFileType = sourcecode.swift; path = AppViewController.swift; sourceTree = "<group>"; };
		981C3B14206ED0020072E3A2 /* IconLoader.swift */ = {isa = PBXFileReference; lastKnownFileType = sourcecode.swift; path = IconLoader.swift; sourceTree = "<group>"; };
		981C3B162070309F0072E3A2 /* AppReviewsDataSource.swift */ = {isa = PBXFileReference; lastKnownFileType = sourcecode.swift; path = AppReviewsDataSource.swift; sourceTree = "<group>"; };
		981C3B182070C1F40072E3A2 /* Page.swift */ = {isa = PBXFileReference; lastKnownFileType = sourcecode.swift; path = Page.swift; sourceTree = "<group>"; };
		982D5504207B5B870001A6D9 /* Payload.swift */ = {isa = PBXFileReference; fileEncoding = 4; lastKnownFileType = sourcecode.swift; path = Payload.swift; sourceTree = "<group>"; };
		982D5506207BB5D10001A6D9 /* PushTest.swift */ = {isa = PBXFileReference; lastKnownFileType = sourcecode.swift; path = PushTest.swift; sourceTree = "<group>"; };
		982D5508207BBAF90001A6D9 /* Int.swift */ = {isa = PBXFileReference; lastKnownFileType = sourcecode.swift; path = Int.swift; sourceTree = "<group>"; };
		982D550A207BBB620001A6D9 /* Array.swift */ = {isa = PBXFileReference; lastKnownFileType = sourcecode.swift; path = Array.swift; sourceTree = "<group>"; };
		984E51A6206BF71500CDB24D /* Auth.swift */ = {isa = PBXFileReference; lastKnownFileType = sourcecode.swift; path = Auth.swift; sourceTree = "<group>"; };
		984E51A9206BF73200CDB24D /* String.swift */ = {isa = PBXFileReference; lastKnownFileType = sourcecode.swift; path = String.swift; sourceTree = "<group>"; };
		984E51AC206BF79100CDB24D /* Main.storyboard */ = {isa = PBXFileReference; lastKnownFileType = file.storyboard; path = Main.storyboard; sourceTree = "<group>"; };
		984E51AE206BFA1A00CDB24D /* AppsViewController.swift */ = {isa = PBXFileReference; lastKnownFileType = sourcecode.swift; path = AppsViewController.swift; sourceTree = "<group>"; };
		984E51B4206C170D00CDB24D /* AuthStorage.swift */ = {isa = PBXFileReference; lastKnownFileType = sourcecode.swift; path = AuthStorage.swift; sourceTree = "<group>"; };
		984E51B6206C1CE400CDB24D /* DependencyProvider.swift */ = {isa = PBXFileReference; lastKnownFileType = sourcecode.swift; path = DependencyProvider.swift; sourceTree = "<group>"; };
		984E51B8206C1DE100CDB24D /* MainViewController.swift */ = {isa = PBXFileReference; lastKnownFileType = sourcecode.swift; path = MainViewController.swift; sourceTree = "<group>"; };
		984E51DA206C236300CDB24D /* Endpoint.swift */ = {isa = PBXFileReference; lastKnownFileType = sourcecode.swift; path = Endpoint.swift; sourceTree = "<group>"; };
		984E51DC206C244E00CDB24D /* Hash.swift */ = {isa = PBXFileReference; lastKnownFileType = sourcecode.swift; path = Hash.swift; sourceTree = "<group>"; };
		984E51DE206C261F00CDB24D /* CommonCrypto.framework */ = {isa = PBXFileReference; lastKnownFileType = wrapper.framework; name = CommonCrypto.framework; path = Carthage/Build/iOS/CommonCrypto.framework; sourceTree = "<group>"; };
		984E51E0206C30BB00CDB24D /* Collection.swift */ = {isa = PBXFileReference; lastKnownFileType = sourcecode.swift; path = Collection.swift; sourceTree = "<group>"; };
		984E51E2206C343600CDB24D /* App.swift */ = {isa = PBXFileReference; lastKnownFileType = sourcecode.swift; path = App.swift; sourceTree = "<group>"; };
		984E51E4206C3E8200CDB24D /* Codable.swift */ = {isa = PBXFileReference; lastKnownFileType = sourcecode.swift; path = Codable.swift; sourceTree = "<group>"; };
		984E51E6206C431700CDB24D /* AppCell.swift */ = {isa = PBXFileReference; lastKnownFileType = sourcecode.swift; path = AppCell.swift; sourceTree = "<group>"; };
		984E51E8206C43A000CDB24D /* AppsDataSource.swift */ = {isa = PBXFileReference; lastKnownFileType = sourcecode.swift; path = AppsDataSource.swift; sourceTree = "<group>"; };
		984E51EA206CE37000CDB24D /* AlamofireImage.framework */ = {isa = PBXFileReference; lastKnownFileType = wrapper.framework; name = AlamofireImage.framework; path = Carthage/Build/iOS/AlamofireImage.framework; sourceTree = "<group>"; };
		984E51ED206CFA0700CDB24D /* ApiRequest.swift */ = {isa = PBXFileReference; lastKnownFileType = sourcecode.swift; path = ApiRequest.swift; sourceTree = "<group>"; };
		984E51F0206D05CB00CDB24D /* Store.swift */ = {isa = PBXFileReference; lastKnownFileType = sourcecode.swift; path = Store.swift; sourceTree = "<group>"; };
		984E51F2206D069000CDB24D /* ReviewsSummary.swift */ = {isa = PBXFileReference; lastKnownFileType = sourcecode.swift; path = ReviewsSummary.swift; sourceTree = "<group>"; };
		98631888206D7D1000D6A14F /* ReviewCell.swift */ = {isa = PBXFileReference; lastKnownFileType = sourcecode.swift; path = ReviewCell.swift; sourceTree = "<group>"; };
		9863188D206D80CF00D6A14F /* Id.swift */ = {isa = PBXFileReference; lastKnownFileType = sourcecode.swift; path = Id.swift; sourceTree = "<group>"; };
		98631891206D847700D6A14F /* ReviewsDataSource.swift */ = {isa = PBXFileReference; lastKnownFileType = sourcecode.swift; path = ReviewsDataSource.swift; sourceTree = "<group>"; };
		98631893206E4EFE00D6A14F /* DateSection.swift */ = {isa = PBXFileReference; lastKnownFileType = sourcecode.swift; path = DateSection.swift; sourceTree = "<group>"; };
		98631895206E58A900D6A14F /* Date.swift */ = {isa = PBXFileReference; lastKnownFileType = sourcecode.swift; path = Date.swift; sourceTree = "<group>"; };
		986B85782080A4D50051F8F8 /* DeveloperActions.swift */ = {isa = PBXFileReference; lastKnownFileType = sourcecode.swift; path = DeveloperActions.swift; sourceTree = "<group>"; };
		986B857A2080A8170051F8F8 /* UIAlertAction.swift */ = {isa = PBXFileReference; lastKnownFileType = sourcecode.swift; path = UIAlertAction.swift; sourceTree = "<group>"; };
		986B857D2080A91C0051F8F8 /* SwiftyBeaver.swift */ = {isa = PBXFileReference; lastKnownFileType = sourcecode.swift; path = SwiftyBeaver.swift; sourceTree = "<group>"; };
		98815DBB20721C2A00A7A6C6 /* WhatsNewDataSource.swift */ = {isa = PBXFileReference; lastKnownFileType = sourcecode.swift; path = WhatsNewDataSource.swift; sourceTree = "<group>"; };
		98815DBD20721CE000A7A6C6 /* WhatsNew.swift */ = {isa = PBXFileReference; lastKnownFileType = sourcecode.swift; path = WhatsNew.swift; sourceTree = "<group>"; };
		98815DBF20724EA300A7A6C6 /* WhatsNewCell.swift */ = {isa = PBXFileReference; lastKnownFileType = sourcecode.swift; path = WhatsNewCell.swift; sourceTree = "<group>"; };
		98815DC12072576600A7A6C6 /* SubtitleTableCell.swift */ = {isa = PBXFileReference; lastKnownFileType = sourcecode.swift; path = SubtitleTableCell.swift; sourceTree = "<group>"; };
		98815DC32072585C00A7A6C6 /* OverviewDataSource.swift */ = {isa = PBXFileReference; lastKnownFileType = sourcecode.swift; path = OverviewDataSource.swift; sourceTree = "<group>"; };
		98815DC52072735800A7A6C6 /* ReviewViewController.swift */ = {isa = PBXFileReference; lastKnownFileType = sourcecode.swift; path = ReviewViewController.swift; sourceTree = "<group>"; };
		98815DC72072749300A7A6C6 /* UIView.swift */ = {isa = PBXFileReference; lastKnownFileType = sourcecode.swift; path = UIView.swift; sourceTree = "<group>"; };
		98815DC9207283E200A7A6C6 /* ReviewReplyDataSource.swift */ = {isa = PBXFileReference; lastKnownFileType = sourcecode.swift; path = ReviewReplyDataSource.swift; sourceTree = "<group>"; };
		98815DCB2072915800A7A6C6 /* AnswerCell.swift */ = {isa = PBXFileReference; lastKnownFileType = sourcecode.swift; path = AnswerCell.swift; sourceTree = "<group>"; };
		98CB4F142073630100F32EEE /* TabViewController.swift */ = {isa = PBXFileReference; lastKnownFileType = sourcecode.swift; path = TabViewController.swift; sourceTree = "<group>"; };
		98CB4F162073719A00F32EEE /* Reply.swift */ = {isa = PBXFileReference; lastKnownFileType = sourcecode.swift; path = Reply.swift; sourceTree = "<group>"; };
		98CB4F18207374CB00F32EEE /* Data.swift */ = {isa = PBXFileReference; lastKnownFileType = sourcecode.swift; path = Data.swift; sourceTree = "<group>"; };
		98CB4F1A207380B700F32EEE /* Error.swift */ = {isa = PBXFileReference; lastKnownFileType = sourcecode.swift; path = Error.swift; sourceTree = "<group>"; };
		98CB4F1C20741AA000F32EEE /* Types.swift */ = {isa = PBXFileReference; lastKnownFileType = sourcecode.swift; path = Types.swift; sourceTree = "<group>"; };
		98CB4F1E207428F100F32EEE /* AppFollow.entitlements */ = {isa = PBXFileReference; lastKnownFileType = text.plist.entitlements; path = AppFollow.entitlements; sourceTree = "<group>"; };
		98CB4F1F20742C3300F32EEE /* SwiftyBeaver.framework */ = {isa = PBXFileReference; lastKnownFileType = wrapper.framework; name = SwiftyBeaver.framework; path = Carthage/Build/iOS/SwiftyBeaver.framework; sourceTree = "<group>"; };
		98CB4F21207432CD00F32EEE /* PushNotifications.swift */ = {isa = PBXFileReference; lastKnownFileType = sourcecode.swift; path = PushNotifications.swift; sourceTree = "<group>"; };
		98CB4F26207634CC00F32EEE /* NotificationsDelegate.swift */ = {isa = PBXFileReference; lastKnownFileType = sourcecode.swift; path = NotificationsDelegate.swift; sourceTree = "<group>"; };
		98CB4F2C207650A000F32EEE /* AppFollowTests.xctest */ = {isa = PBXFileReference; explicitFileType = wrapper.cfbundle; includeInIndex = 0; path = AppFollowTests.xctest; sourceTree = BUILT_PRODUCTS_DIR; };
		98CB4F2E207650A000F32EEE /* DeeplinkTests.swift */ = {isa = PBXFileReference; lastKnownFileType = sourcecode.swift; path = DeeplinkTests.swift; sourceTree = "<group>"; };
		98CB4F30207650A000F32EEE /* Info.plist */ = {isa = PBXFileReference; lastKnownFileType = text.plist.xml; path = Info.plist; sourceTree = "<group>"; };
		98CB4F362076554D00F32EEE /* URL.swift */ = {isa = PBXFileReference; lastKnownFileType = sourcecode.swift; path = URL.swift; sourceTree = "<group>"; };
		98CB4F3820765D0900F32EEE /* PayloadNavigation.swift */ = {isa = PBXFileReference; lastKnownFileType = sourcecode.swift; path = PayloadNavigation.swift; sourceTree = "<group>"; };
		98F01F47206D572300FA461F /* StateRefresh.swift */ = {isa = PBXFileReference; lastKnownFileType = sourcecode.swift; path = StateRefresh.swift; sourceTree = "<group>"; };
		98F01F49206D62DD00FA461F /* Profile.swift */ = {isa = PBXFileReference; lastKnownFileType = sourcecode.swift; path = Profile.swift; sourceTree = "<group>"; };
		98F01F4B206D639800FA461F /* ProfileStorage.swift */ = {isa = PBXFileReference; lastKnownFileType = sourcecode.swift; path = ProfileStorage.swift; sourceTree = "<group>"; };
		98F01F4E206D6D6300FA461F /* ProfileViewController.swift */ = {isa = PBXFileReference; lastKnownFileType = sourcecode.swift; path = ProfileViewController.swift; sourceTree = "<group>"; };
		98F7D31C206D704E005195BD /* ReviewsViewController.swift */ = {isa = PBXFileReference; lastKnownFileType = sourcecode.swift; path = ReviewsViewController.swift; sourceTree = "<group>"; };
		98F7D31E206D7462005195BD /* Review.swift */ = {isa = PBXFileReference; lastKnownFileType = sourcecode.swift; path = Review.swift; sourceTree = "<group>"; };
		98F7D320206D7ACE005195BD /* Cosmos.framework */ = {isa = PBXFileReference; lastKnownFileType = wrapper.framework; name = Cosmos.framework; path = Carthage/Build/iOS/Cosmos.framework; sourceTree = "<group>"; };
/* End PBXFileReference section */

/* Begin PBXFrameworksBuildPhase section */
		98087C962069FAE000EB0747 /* Frameworks */ = {
			isa = PBXFrameworksBuildPhase;
			buildActionMask = 2147483647;
			files = (
				98CB4F2020742C3300F32EEE /* SwiftyBeaver.framework in Frameworks */,
				981C3B11206EBF820072E3A2 /* ToastSwiftFramework.framework in Frameworks */,
				98F7D321206D7ACE005195BD /* Cosmos.framework in Frameworks */,
				98087CB8206BE63300EB0747 /* Alamofire.framework in Frameworks */,
				984E51DF206C261F00CDB24D /* CommonCrypto.framework in Frameworks */,
				984E51EB206CE37100CDB24D /* AlamofireImage.framework in Frameworks */,
			);
			runOnlyForDeploymentPostprocessing = 0;
		};
		98CB4F292076509F00F32EEE /* Frameworks */ = {
			isa = PBXFrameworksBuildPhase;
			buildActionMask = 2147483647;
			files = (
			);
			runOnlyForDeploymentPostprocessing = 0;
		};
/* End PBXFrameworksBuildPhase section */

/* Begin PBXGroup section */
		98087C902069FAE000EB0747 = {
			isa = PBXGroup;
			children = (
				98087C9B2069FAE000EB0747 /* AppFollow */,
				98CB4F2D207650A000F32EEE /* AppFollowTests */,
				98087C9A2069FAE000EB0747 /* Products */,
				98087CB3206BE53D00EB0747 /* Frameworks */,
			);
			sourceTree = "<group>";
		};
		98087C9A2069FAE000EB0747 /* Products */ = {
			isa = PBXGroup;
			children = (
				98087C992069FAE000EB0747 /* AppFollow.app */,
				98CB4F2C207650A000F32EEE /* AppFollowTests.xctest */,
			);
			name = Products;
			sourceTree = "<group>";
		};
		98087C9B2069FAE000EB0747 /* AppFollow */ = {
			isa = PBXGroup;
			children = (
				98087C9C2069FAE000EB0747 /* AppDelegate.swift */,
				98CB4F1E207428F100F32EEE /* AppFollow.entitlements */,
				98087CA32069FAE000EB0747 /* AppFollow.xcdatamodeld */,
				984E51B0206BFA5700CDB24D /* Apps */,
				98087CA62069FAE000EB0747 /* Assets.xcassets */,
				984E51B6206C1CE400CDB24D /* DependencyProvider.swift */,
				986B857C2080A90B0051F8F8 /* Extensions */,
				984E51A8206BF72400CDB24D /* Framework */,
				98087CAB2069FAE000EB0747 /* Info.plist */,
				98087CA82069FAE000EB0747 /* LaunchScreen.storyboard */,
				98087CB12069FAFE00EB0747 /* Login */,
				98087CB22069FB1C00EB0747 /* Main */,
				984E51EF206D059000CDB24D /* Model */,
				984E51EC206CF9F200CDB24D /* Network */,
				98CB4F23207632BA00F32EEE /* Notifications */,
				98F01F4D206D6D5300FA461F /* Profile */,
				98F7D31B206D7035005195BD /* Reviews */,
				984E51A5206BF70300CDB24D /* Sdk */,
			);
			path = AppFollow;
			sourceTree = "<group>";
		};
		98087CB12069FAFE00EB0747 /* Login */ = {
			isa = PBXGroup;
			children = (
				98087CA02069FAE000EB0747 /* Login.storyboard */,
				98087C9E2069FAE000EB0747 /* LoginViewController.swift */,
				98087CB9206BEACB00EB0747 /* LoginProcess.swift */,
			);
			path = Login;
			sourceTree = "<group>";
		};
		98087CB22069FB1C00EB0747 /* Main */ = {
			isa = PBXGroup;
			children = (
				984E51AC206BF79100CDB24D /* Main.storyboard */,
				984E51B8206C1DE100CDB24D /* MainViewController.swift */,
				98CB4F142073630100F32EEE /* TabViewController.swift */,
			);
			path = Main;
			sourceTree = "<group>";
		};
		98087CB3206BE53D00EB0747 /* Frameworks */ = {
			isa = PBXGroup;
			children = (
				98CB4F1F20742C3300F32EEE /* SwiftyBeaver.framework */,
				981C3B10206EBF820072E3A2 /* ToastSwiftFramework.framework */,
				98F7D320206D7ACE005195BD /* Cosmos.framework */,
				984E51EA206CE37000CDB24D /* AlamofireImage.framework */,
				984E51DE206C261F00CDB24D /* CommonCrypto.framework */,
				98087CB7206BE63300EB0747 /* Alamofire.framework */,
				98087CB4206BE53D00EB0747 /* TTGSnackbar.framework */,
			);
			name = Frameworks;
			sourceTree = "<group>";
		};
		984E51A5206BF70300CDB24D /* Sdk */ = {
			isa = PBXGroup;
			children = (
				984E51E2206C343600CDB24D /* App.swift */,
				984E51A6206BF71500CDB24D /* Auth.swift */,
				984E51E0206C30BB00CDB24D /* Collection.swift */,
				984E51DA206C236300CDB24D /* Endpoint.swift */,
				98CB4F1A207380B700F32EEE /* Error.swift */,
				9863188D206D80CF00D6A14F /* Id.swift */,
				981C3B182070C1F40072E3A2 /* Page.swift */,
				98F01F49206D62DD00FA461F /* Profile.swift */,
				98CB4F162073719A00F32EEE /* Reply.swift */,
				98F7D31E206D7462005195BD /* Review.swift */,
				984E51F2206D069000CDB24D /* ReviewsSummary.swift */,
				98815DBD20721CE000A7A6C6 /* WhatsNew.swift */,
				98CB4F1C20741AA000F32EEE /* Types.swift */,
			);
			path = Sdk;
			sourceTree = "<group>";
		};
		984E51A8206BF72400CDB24D /* Framework */ = {
			isa = PBXGroup;
			children = (
				984E51E4206C3E8200CDB24D /* Codable.swift */,
				98CB4F18207374CB00F32EEE /* Data.swift */,
				98631895206E58A900D6A14F /* Date.swift */,
				98631893206E4EFE00D6A14F /* DateSection.swift */,
				984E51DC206C244E00CDB24D /* Hash.swift */,
				984E51A9206BF73200CDB24D /* String.swift */,
				98815DC12072576600A7A6C6 /* SubtitleTableCell.swift */,
				98815DC72072749300A7A6C6 /* UIView.swift */,
				98CB4F362076554D00F32EEE /* URL.swift */,
				982D5508207BBAF90001A6D9 /* Int.swift */,
				982D550A207BBB620001A6D9 /* Array.swift */,
				986B857A2080A8170051F8F8 /* UIAlertAction.swift */,
			);
			path = Framework;
			sourceTree = "<group>";
		};
		984E51B0206BFA5700CDB24D /* Apps */ = {
			isa = PBXGroup;
			children = (
				984E51E6206C431700CDB24D /* AppCell.swift */,
				984E51E8206C43A000CDB24D /* AppsDataSource.swift */,
				984E51AE206BFA1A00CDB24D /* AppsViewController.swift */,
				981C3B12206ECB9E0072E3A2 /* AppViewController.swift */,
				981C3B162070309F0072E3A2 /* AppReviewsDataSource.swift */,
				98815DBB20721C2A00A7A6C6 /* WhatsNewDataSource.swift */,
				98815DBF20724EA300A7A6C6 /* WhatsNewCell.swift */,
				98815DC32072585C00A7A6C6 /* OverviewDataSource.swift */,
			);
			path = Apps;
			sourceTree = "<group>";
		};
		984E51EC206CF9F200CDB24D /* Network */ = {
			isa = PBXGroup;
			children = (
				984E51ED206CFA0700CDB24D /* ApiRequest.swift */,
				98F01F47206D572300FA461F /* StateRefresh.swift */,
				981C3B14206ED0020072E3A2 /* IconLoader.swift */,
			);
			path = Network;
			sourceTree = "<group>";
		};
		984E51EF206D059000CDB24D /* Model */ = {
			isa = PBXGroup;
			children = (
				984E51B4206C170D00CDB24D /* AuthStorage.swift */,
				984E51F0206D05CB00CDB24D /* Store.swift */,
				98F01F4B206D639800FA461F /* ProfileStorage.swift */,
			);
			path = Model;
			sourceTree = "<group>";
		};
		986B857C2080A90B0051F8F8 /* Extensions */ = {
			isa = PBXGroup;
			children = (
				986B857D2080A91C0051F8F8 /* SwiftyBeaver.swift */,
			);
			path = Extensions;
			sourceTree = "<group>";
		};
		98CB4F23207632BA00F32EEE /* Notifications */ = {
			isa = PBXGroup;
			children = (
				982D5504207B5B870001A6D9 /* Payload.swift */,
				98CB4F21207432CD00F32EEE /* PushNotifications.swift */,
				98CB4F26207634CC00F32EEE /* NotificationsDelegate.swift */,
				98CB4F3820765D0900F32EEE /* PayloadNavigation.swift */,
				982D5506207BB5D10001A6D9 /* PushTest.swift */,
			);
			path = Notifications;
			sourceTree = "<group>";
		};
		98CB4F2D207650A000F32EEE /* AppFollowTests */ = {
			isa = PBXGroup;
			children = (
				98CB4F2E207650A000F32EEE /* DeeplinkTests.swift */,
				98CB4F30207650A000F32EEE /* Info.plist */,
			);
			path = AppFollowTests;
			sourceTree = "<group>";
		};
		98F01F4D206D6D5300FA461F /* Profile */ = {
			isa = PBXGroup;
			children = (
				98F01F4E206D6D6300FA461F /* ProfileViewController.swift */,
				986B85782080A4D50051F8F8 /* DeveloperActions.swift */,
			);
			path = Profile;
			sourceTree = "<group>";
		};
		98F7D31B206D7035005195BD /* Reviews */ = {
			isa = PBXGroup;
			children = (
				98F7D31C206D704E005195BD /* ReviewsViewController.swift */,
				98631888206D7D1000D6A14F /* ReviewCell.swift */,
				98631891206D847700D6A14F /* ReviewsDataSource.swift */,
				98815DC52072735800A7A6C6 /* ReviewViewController.swift */,
				98815DC9207283E200A7A6C6 /* ReviewReplyDataSource.swift */,
				98815DCB2072915800A7A6C6 /* AnswerCell.swift */,
			);
			path = Reviews;
			sourceTree = "<group>";
		};
/* End PBXGroup section */

/* Begin PBXNativeTarget section */
		98087C982069FAE000EB0747 /* AppFollow */ = {
			isa = PBXNativeTarget;
			buildConfigurationList = 98087CAE2069FAE000EB0747 /* Build configuration list for PBXNativeTarget "AppFollow" */;
			buildPhases = (
				98087C952069FAE000EB0747 /* Sources */,
				98087C962069FAE000EB0747 /* Frameworks */,
				98087C972069FAE000EB0747 /* Resources */,
				98087CB6206BE55000EB0747 /* ShellScript */,
			);
			buildRules = (
			);
			dependencies = (
			);
			name = AppFollow;
			productName = AppFollow;
			productReference = 98087C992069FAE000EB0747 /* AppFollow.app */;
			productType = "com.apple.product-type.application";
		};
		98CB4F2B2076509F00F32EEE /* AppFollowTests */ = {
			isa = PBXNativeTarget;
			buildConfigurationList = 98CB4F33207650A000F32EEE /* Build configuration list for PBXNativeTarget "AppFollowTests" */;
			buildPhases = (
				98CB4F282076509F00F32EEE /* Sources */,
				98CB4F292076509F00F32EEE /* Frameworks */,
				98CB4F2A2076509F00F32EEE /* Resources */,
			);
			buildRules = (
			);
			dependencies = (
				98CB4F32207650A000F32EEE /* PBXTargetDependency */,
			);
			name = AppFollowTests;
			productName = AppFollowTests;
			productReference = 98CB4F2C207650A000F32EEE /* AppFollowTests.xctest */;
			productType = "com.apple.product-type.bundle.unit-test";
		};
/* End PBXNativeTarget section */

/* Begin PBXProject section */
		98087C912069FAE000EB0747 /* Project object */ = {
			isa = PBXProject;
			attributes = {
				LastSwiftUpdateCheck = 0930;
				LastUpgradeCheck = 0930;
				ORGANIZATIONNAME = Anodsplace;
				TargetAttributes = {
					98087C982069FAE000EB0747 = {
						CreatedOnToolsVersion = 9.2;
						ProvisioningStyle = Automatic;
						SystemCapabilities = {
							com.apple.Push = {
								enabled = 1;
							};
							com.apple.SafariKeychain = {
								enabled = 1;
							};
						};
					};
					98CB4F2B2076509F00F32EEE = {
						CreatedOnToolsVersion = 9.3;
						ProvisioningStyle = Automatic;
						TestTargetID = 98087C982069FAE000EB0747;
					};
				};
			};
			buildConfigurationList = 98087C942069FAE000EB0747 /* Build configuration list for PBXProject "AppFollow" */;
			compatibilityVersion = "Xcode 8.0";
			developmentRegion = en;
			hasScannedForEncodings = 0;
			knownRegions = (
				en,
				Base,
			);
			mainGroup = 98087C902069FAE000EB0747;
			productRefGroup = 98087C9A2069FAE000EB0747 /* Products */;
			projectDirPath = "";
			projectRoot = "";
			targets = (
				98087C982069FAE000EB0747 /* AppFollow */,
				98CB4F2B2076509F00F32EEE /* AppFollowTests */,
			);
		};
/* End PBXProject section */

/* Begin PBXResourcesBuildPhase section */
		98087C972069FAE000EB0747 /* Resources */ = {
			isa = PBXResourcesBuildPhase;
			buildActionMask = 2147483647;
			files = (
				98087CAA2069FAE000EB0747 /* LaunchScreen.storyboard in Resources */,
				98087CA72069FAE000EB0747 /* Assets.xcassets in Resources */,
				98087CA22069FAE000EB0747 /* Login.storyboard in Resources */,
				984E51AD206BF79100CDB24D /* Main.storyboard in Resources */,
			);
			runOnlyForDeploymentPostprocessing = 0;
		};
		98CB4F2A2076509F00F32EEE /* Resources */ = {
			isa = PBXResourcesBuildPhase;
			buildActionMask = 2147483647;
			files = (
			);
			runOnlyForDeploymentPostprocessing = 0;
		};
/* End PBXResourcesBuildPhase section */

/* Begin PBXShellScriptBuildPhase section */
		98087CB6206BE55000EB0747 /* ShellScript */ = {
			isa = PBXShellScriptBuildPhase;
			buildActionMask = 2147483647;
			files = (
			);
			inputPaths = (
				"$(SRCROOT)/Carthage/Build/iOS/Alamofire.framework",
				"$(SRCROOT)/Carthage/Build/iOS/CommonCrypto.framework",
				"$(SRCROOT)/Carthage/Build/iOS/AlamofireImage.framework",
				"$(SRCROOT)/Carthage/Build/iOS/Cosmos.framework",
				"$(SRCROOT)/Carthage/Build/iOS/ToastSwiftFramework.framework",
				"$(SRCROOT)/Carthage/Build/iOS/SwiftyBeaver.framework",
			);
			outputPaths = (
				"$(BUILT_PRODUCTS_DIR)/$(FRAMEWORKS_FOLDER_PATH)/Alamofire.framework",
				"$(BUILT_PRODUCTS_DIR)/$(FRAMEWORKS_FOLDER_PATH)/CommonCrypto.framework",
				"$(BUILT_PRODUCTS_DIR)/$(FRAMEWORKS_FOLDER_PATH)/AlamofireImage.framework",
				"$(BUILT_PRODUCTS_DIR)/$(FRAMEWORKS_FOLDER_PATH)/Cosmos.framework",
				"$(BUILT_PRODUCTS_DIR)/$(FRAMEWORKS_FOLDER_PATH)/ToastSwiftFramework.framework",
				"$(BUILT_PRODUCTS_DIR)/$(FRAMEWORKS_FOLDER_PATH)/SwiftyBeaver.framework",
			);
			runOnlyForDeploymentPostprocessing = 0;
			shellPath = /bin/sh;
			shellScript = "/usr/local/bin/carthage copy-frameworks";
		};
/* End PBXShellScriptBuildPhase section */

/* Begin PBXSourcesBuildPhase section */
		98087C952069FAE000EB0747 /* Sources */ = {
			isa = PBXSourcesBuildPhase;
			buildActionMask = 2147483647;
			files = (
				984E51AA206BF73200CDB24D /* String.swift in Sources */,
				98631894206E4EFE00D6A14F /* DateSection.swift in Sources */,
				984E51DD206C244E00CDB24D /* Hash.swift in Sources */,
				98CB4F27207634CC00F32EEE /* NotificationsDelegate.swift in Sources */,
				98815DCC2072915800A7A6C6 /* AnswerCell.swift in Sources */,
				984E51AF206BFA1A00CDB24D /* AppsViewController.swift in Sources */,
				981C3B192070C1F40072E3A2 /* Page.swift in Sources */,
				98815DBE20721CE000A7A6C6 /* WhatsNew.swift in Sources */,
				98F01F4A206D62DD00FA461F /* Profile.swift in Sources */,
				982D550B207BBB620001A6D9 /* Array.swift in Sources */,
				984E51A7206BF71500CDB24D /* Auth.swift in Sources */,
				984E51B5206C170D00CDB24D /* AuthStorage.swift in Sources */,
				984E51E3206C343600CDB24D /* App.swift in Sources */,
				986B857B2080A8170051F8F8 /* UIAlertAction.swift in Sources */,
				98815DC82072749300A7A6C6 /* UIView.swift in Sources */,
				981C3B172070309F0072E3A2 /* AppReviewsDataSource.swift in Sources */,
				981C3B15206ED0020072E3A2 /* IconLoader.swift in Sources */,
				98815DC020724EA300A7A6C6 /* WhatsNewCell.swift in Sources */,
				98631892206D847700D6A14F /* ReviewsDataSource.swift in Sources */,
				98CB4F1B207380B700F32EEE /* Error.swift in Sources */,
				98CB4F1D20741AA000F32EEE /* Types.swift in Sources */,
				9863188E206D80CF00D6A14F /* Id.swift in Sources */,
				98F7D31D206D704E005195BD /* ReviewsViewController.swift in Sources */,
				98F01F48206D572300FA461F /* StateRefresh.swift in Sources */,
				98087CA52069FAE000EB0747 /* AppFollow.xcdatamodeld in Sources */,
				98815DC22072576600A7A6C6 /* SubtitleTableCell.swift in Sources */,
				984E51E1206C30BB00CDB24D /* Collection.swift in Sources */,
				982D5507207BB5D10001A6D9 /* PushTest.swift in Sources */,
				98815DC62072735800A7A6C6 /* ReviewViewController.swift in Sources */,
				984E51E5206C3E8200CDB24D /* Codable.swift in Sources */,
				98815DC42072585C00A7A6C6 /* OverviewDataSource.swift in Sources */,
				98631889206D7D1000D6A14F /* ReviewCell.swift in Sources */,
				984E51E7206C431700CDB24D /* AppCell.swift in Sources */,
				982D5509207BBAF90001A6D9 /* Int.swift in Sources */,
				984E51F3206D069000CDB24D /* ReviewsSummary.swift in Sources */,
				981C3B13206ECB9E0072E3A2 /* AppViewController.swift in Sources */,
				98087CBA206BEACB00EB0747 /* LoginProcess.swift in Sources */,
				984E51B7206C1CE400CDB24D /* DependencyProvider.swift in Sources */,
				98087C9F2069FAE000EB0747 /* LoginViewController.swift in Sources */,
				98CB4F22207432CD00F32EEE /* PushNotifications.swift in Sources */,
				986B857E2080A91C0051F8F8 /* SwiftyBeaver.swift in Sources */,
				98087C9D2069FAE000EB0747 /* AppDelegate.swift in Sources */,
				98CB4F152073630100F32EEE /* TabViewController.swift in Sources */,
				984E51F1206D05CB00CDB24D /* Store.swift in Sources */,
				98CB4F19207374CB00F32EEE /* Data.swift in Sources */,
				98CB4F372076554E00F32EEE /* URL.swift in Sources */,
				98815DBC20721C2A00A7A6C6 /* WhatsNewDataSource.swift in Sources */,
				98F7D31F206D7462005195BD /* Review.swift in Sources */,
				984E51EE206CFA0700CDB24D /* ApiRequest.swift in Sources */,
				984E51E9206C43A000CDB24D /* AppsDataSource.swift in Sources */,
				98815DCA207283E200A7A6C6 /* ReviewReplyDataSource.swift in Sources */,
				98CB4F172073719A00F32EEE /* Reply.swift in Sources */,
				986B85792080A4D50051F8F8 /* DeveloperActions.swift in Sources */,
				98F01F4C206D639800FA461F /* ProfileStorage.swift in Sources */,
				982D5505207B5B880001A6D9 /* Payload.swift in Sources */,
				98631896206E58A900D6A14F /* Date.swift in Sources */,
				98F01F4F206D6D6300FA461F /* ProfileViewController.swift in Sources */,
				984E51DB206C236300CDB24D /* Endpoint.swift in Sources */,
				98CB4F3920765D0900F32EEE /* PayloadNavigation.swift in Sources */,
				984E51B9206C1DE100CDB24D /* MainViewController.swift in Sources */,
			);
			runOnlyForDeploymentPostprocessing = 0;
		};
		98CB4F282076509F00F32EEE /* Sources */ = {
			isa = PBXSourcesBuildPhase;
			buildActionMask = 2147483647;
			files = (
				98CB4F2F207650A000F32EEE /* DeeplinkTests.swift in Sources */,
			);
			runOnlyForDeploymentPostprocessing = 0;
		};
/* End PBXSourcesBuildPhase section */

/* Begin PBXTargetDependency section */
		98CB4F32207650A000F32EEE /* PBXTargetDependency */ = {
			isa = PBXTargetDependency;
			target = 98087C982069FAE000EB0747 /* AppFollow */;
			targetProxy = 98CB4F31207650A000F32EEE /* PBXContainerItemProxy */;
		};
/* End PBXTargetDependency section */

/* Begin PBXVariantGroup section */
		98087CA02069FAE000EB0747 /* Login.storyboard */ = {
			isa = PBXVariantGroup;
			children = (
				98087CA12069FAE000EB0747 /* Base */,
			);
			name = Login.storyboard;
			sourceTree = "<group>";
		};
		98087CA82069FAE000EB0747 /* LaunchScreen.storyboard */ = {
			isa = PBXVariantGroup;
			children = (
				98087CA92069FAE000EB0747 /* Base */,
			);
			name = LaunchScreen.storyboard;
			sourceTree = "<group>";
		};
/* End PBXVariantGroup section */

/* Begin XCBuildConfiguration section */
		98087CAC2069FAE000EB0747 /* Debug */ = {
			isa = XCBuildConfiguration;
			buildSettings = {
				ALWAYS_SEARCH_USER_PATHS = NO;
				CLANG_ANALYZER_NONNULL = YES;
				CLANG_ANALYZER_NUMBER_OBJECT_CONVERSION = YES_AGGRESSIVE;
				CLANG_CXX_LANGUAGE_STANDARD = "gnu++14";
				CLANG_CXX_LIBRARY = "libc++";
				CLANG_ENABLE_MODULES = YES;
				CLANG_ENABLE_OBJC_ARC = YES;
				CLANG_WARN_BLOCK_CAPTURE_AUTORELEASING = YES;
				CLANG_WARN_BOOL_CONVERSION = YES;
				CLANG_WARN_COMMA = YES;
				CLANG_WARN_CONSTANT_CONVERSION = YES;
				CLANG_WARN_DEPRECATED_OBJC_IMPLEMENTATIONS = YES;
				CLANG_WARN_DIRECT_OBJC_ISA_USAGE = YES_ERROR;
				CLANG_WARN_DOCUMENTATION_COMMENTS = YES;
				CLANG_WARN_EMPTY_BODY = YES;
				CLANG_WARN_ENUM_CONVERSION = YES;
				CLANG_WARN_INFINITE_RECURSION = YES;
				CLANG_WARN_INT_CONVERSION = YES;
				CLANG_WARN_NON_LITERAL_NULL_CONVERSION = YES;
				CLANG_WARN_OBJC_IMPLICIT_RETAIN_SELF = YES;
				CLANG_WARN_OBJC_LITERAL_CONVERSION = YES;
				CLANG_WARN_OBJC_ROOT_CLASS = YES_ERROR;
				CLANG_WARN_RANGE_LOOP_ANALYSIS = YES;
				CLANG_WARN_STRICT_PROTOTYPES = YES;
				CLANG_WARN_SUSPICIOUS_MOVE = YES;
				CLANG_WARN_UNGUARDED_AVAILABILITY = YES_AGGRESSIVE;
				CLANG_WARN_UNREACHABLE_CODE = YES;
				CLANG_WARN__DUPLICATE_METHOD_MATCH = YES;
				CODE_SIGN_IDENTITY = "iPhone Developer";
				COPY_PHASE_STRIP = NO;
				DEBUG_INFORMATION_FORMAT = dwarf;
				ENABLE_STRICT_OBJC_MSGSEND = YES;
				ENABLE_TESTABILITY = YES;
				GCC_C_LANGUAGE_STANDARD = gnu11;
				GCC_DYNAMIC_NO_PIC = NO;
				GCC_NO_COMMON_BLOCKS = YES;
				GCC_OPTIMIZATION_LEVEL = 0;
				GCC_PREPROCESSOR_DEFINITIONS = (
					"DEBUG=1",
					"$(inherited)",
				);
				GCC_WARN_64_TO_32_BIT_CONVERSION = YES;
				GCC_WARN_ABOUT_RETURN_TYPE = YES_ERROR;
				GCC_WARN_UNDECLARED_SELECTOR = YES;
				GCC_WARN_UNINITIALIZED_AUTOS = YES_AGGRESSIVE;
				GCC_WARN_UNUSED_FUNCTION = YES;
				GCC_WARN_UNUSED_VARIABLE = YES;
				IPHONEOS_DEPLOYMENT_TARGET = 11.2;
				MTL_ENABLE_DEBUG_INFO = YES;
				ONLY_ACTIVE_ARCH = YES;
				SDKROOT = iphoneos;
				SWIFT_ACTIVE_COMPILATION_CONDITIONS = DEBUG;
				SWIFT_OPTIMIZATION_LEVEL = "-Onone";
			};
			name = Debug;
		};
		98087CAD2069FAE000EB0747 /* Release */ = {
			isa = XCBuildConfiguration;
			buildSettings = {
				ALWAYS_SEARCH_USER_PATHS = NO;
				CLANG_ANALYZER_NONNULL = YES;
				CLANG_ANALYZER_NUMBER_OBJECT_CONVERSION = YES_AGGRESSIVE;
				CLANG_CXX_LANGUAGE_STANDARD = "gnu++14";
				CLANG_CXX_LIBRARY = "libc++";
				CLANG_ENABLE_MODULES = YES;
				CLANG_ENABLE_OBJC_ARC = YES;
				CLANG_WARN_BLOCK_CAPTURE_AUTORELEASING = YES;
				CLANG_WARN_BOOL_CONVERSION = YES;
				CLANG_WARN_COMMA = YES;
				CLANG_WARN_CONSTANT_CONVERSION = YES;
				CLANG_WARN_DEPRECATED_OBJC_IMPLEMENTATIONS = YES;
				CLANG_WARN_DIRECT_OBJC_ISA_USAGE = YES_ERROR;
				CLANG_WARN_DOCUMENTATION_COMMENTS = YES;
				CLANG_WARN_EMPTY_BODY = YES;
				CLANG_WARN_ENUM_CONVERSION = YES;
				CLANG_WARN_INFINITE_RECURSION = YES;
				CLANG_WARN_INT_CONVERSION = YES;
				CLANG_WARN_NON_LITERAL_NULL_CONVERSION = YES;
				CLANG_WARN_OBJC_IMPLICIT_RETAIN_SELF = YES;
				CLANG_WARN_OBJC_LITERAL_CONVERSION = YES;
				CLANG_WARN_OBJC_ROOT_CLASS = YES_ERROR;
				CLANG_WARN_RANGE_LOOP_ANALYSIS = YES;
				CLANG_WARN_STRICT_PROTOTYPES = YES;
				CLANG_WARN_SUSPICIOUS_MOVE = YES;
				CLANG_WARN_UNGUARDED_AVAILABILITY = YES_AGGRESSIVE;
				CLANG_WARN_UNREACHABLE_CODE = YES;
				CLANG_WARN__DUPLICATE_METHOD_MATCH = YES;
				CODE_SIGN_IDENTITY = "iPhone Developer";
				COPY_PHASE_STRIP = NO;
				DEBUG_INFORMATION_FORMAT = "dwarf-with-dsym";
				ENABLE_NS_ASSERTIONS = NO;
				ENABLE_STRICT_OBJC_MSGSEND = YES;
				GCC_C_LANGUAGE_STANDARD = gnu11;
				GCC_NO_COMMON_BLOCKS = YES;
				GCC_WARN_64_TO_32_BIT_CONVERSION = YES;
				GCC_WARN_ABOUT_RETURN_TYPE = YES_ERROR;
				GCC_WARN_UNDECLARED_SELECTOR = YES;
				GCC_WARN_UNINITIALIZED_AUTOS = YES_AGGRESSIVE;
				GCC_WARN_UNUSED_FUNCTION = YES;
				GCC_WARN_UNUSED_VARIABLE = YES;
				IPHONEOS_DEPLOYMENT_TARGET = 11.2;
				MTL_ENABLE_DEBUG_INFO = NO;
				SDKROOT = iphoneos;
				SWIFT_OPTIMIZATION_LEVEL = "-Owholemodule";
				VALIDATE_PRODUCT = YES;
			};
			name = Release;
		};
		98087CAF2069FAE000EB0747 /* Debug */ = {
			isa = XCBuildConfiguration;
			buildSettings = {
				ASSETCATALOG_COMPILER_APPICON_NAME = AppIcon;
				CODE_SIGN_ENTITLEMENTS = AppFollow/AppFollow.entitlements;
				CODE_SIGN_IDENTITY = "iPhone Developer";
				"CODE_SIGN_IDENTITY[sdk=iphoneos*]" = "iPhone Developer";
				CODE_SIGN_STYLE = Automatic;
				DEVELOPMENT_TEAM = C3GDDK48KG;
				FRAMEWORK_SEARCH_PATHS = (
					"$(inherited)",
					"$(PROJECT_DIR)/Carthage/Build/iOS",
				);
				INFOPLIST_FILE = AppFollow/Info.plist;
				IPHONEOS_DEPLOYMENT_TARGET = 11.0;
				LD_RUNPATH_SEARCH_PATHS = "$(inherited) @executable_path/Frameworks";
				PRODUCT_BUNDLE_IDENTIFIER = io.appfollow.mobile;
				PRODUCT_NAME = "$(TARGET_NAME)";
				PROVISIONING_PROFILE = "";
				PROVISIONING_PROFILE_SPECIFIER = "";
				SWIFT_VERSION = 4.0;
				TARGETED_DEVICE_FAMILY = "1,2";
			};
			name = Debug;
		};
		98087CB02069FAE000EB0747 /* Release */ = {
			isa = XCBuildConfiguration;
			buildSettings = {
				ASSETCATALOG_COMPILER_APPICON_NAME = AppIcon;
				CODE_SIGN_ENTITLEMENTS = AppFollow/AppFollow.entitlements;
				CODE_SIGN_IDENTITY = "iPhone Developer";
				"CODE_SIGN_IDENTITY[sdk=iphoneos*]" = "iPhone Developer";
				CODE_SIGN_STYLE = Automatic;
				DEVELOPMENT_TEAM = C3GDDK48KG;
				FRAMEWORK_SEARCH_PATHS = (
					"$(inherited)",
					"$(PROJECT_DIR)/Carthage/Build/iOS",
				);
				INFOPLIST_FILE = AppFollow/Info.plist;
				IPHONEOS_DEPLOYMENT_TARGET = 11.0;
				LD_RUNPATH_SEARCH_PATHS = "$(inherited) @executable_path/Frameworks";
				PRODUCT_BUNDLE_IDENTIFIER = io.appfollow.mobile;
				PRODUCT_NAME = "$(TARGET_NAME)";
				PROVISIONING_PROFILE = "";
				PROVISIONING_PROFILE_SPECIFIER = "";
				SWIFT_VERSION = 4.0;
				TARGETED_DEVICE_FAMILY = "1,2";
			};
			name = Release;
		};
		98CB4F34207650A000F32EEE /* Debug */ = {
			isa = XCBuildConfiguration;
			buildSettings = {
				BUNDLE_LOADER = "$(TEST_HOST)";
				CLANG_ENABLE_OBJC_WEAK = YES;
				CODE_SIGN_STYLE = Automatic;
				DEVELOPMENT_TEAM = C3GDDK48KG;
				INFOPLIST_FILE = AppFollowTests/Info.plist;
				IPHONEOS_DEPLOYMENT_TARGET = 11.3;
				LD_RUNPATH_SEARCH_PATHS = "$(inherited) @executable_path/Frameworks @loader_path/Frameworks";
				PRODUCT_BUNDLE_IDENTIFIER = io.appfollow.AppFollowTests;
				PRODUCT_NAME = "$(TARGET_NAME)";
				SWIFT_VERSION = 4.0;
				TARGETED_DEVICE_FAMILY = "1,2";
				TEST_HOST = "$(BUILT_PRODUCTS_DIR)/AppFollow.app/AppFollow";
			};
			name = Debug;
		};
		98CB4F35207650A000F32EEE /* Release */ = {
			isa = XCBuildConfiguration;
			buildSettings = {
				BUNDLE_LOADER = "$(TEST_HOST)";
				CLANG_ENABLE_OBJC_WEAK = YES;
				CODE_SIGN_STYLE = Automatic;
				DEVELOPMENT_TEAM = C3GDDK48KG;
				INFOPLIST_FILE = AppFollowTests/Info.plist;
				IPHONEOS_DEPLOYMENT_TARGET = 11.3;
				LD_RUNPATH_SEARCH_PATHS = "$(inherited) @executable_path/Frameworks @loader_path/Frameworks";
				PRODUCT_BUNDLE_IDENTIFIER = io.appfollow.AppFollowTests;
				PRODUCT_NAME = "$(TARGET_NAME)";
				SWIFT_VERSION = 4.0;
				TARGETED_DEVICE_FAMILY = "1,2";
				TEST_HOST = "$(BUILT_PRODUCTS_DIR)/AppFollow.app/AppFollow";
			};
			name = Release;
		};
/* End XCBuildConfiguration section */

/* Begin XCConfigurationList section */
		98087C942069FAE000EB0747 /* Build configuration list for PBXProject "AppFollow" */ = {
			isa = XCConfigurationList;
			buildConfigurations = (
				98087CAC2069FAE000EB0747 /* Debug */,
				98087CAD2069FAE000EB0747 /* Release */,
			);
			defaultConfigurationIsVisible = 0;
			defaultConfigurationName = Release;
		};
		98087CAE2069FAE000EB0747 /* Build configuration list for PBXNativeTarget "AppFollow" */ = {
			isa = XCConfigurationList;
			buildConfigurations = (
				98087CAF2069FAE000EB0747 /* Debug */,
				98087CB02069FAE000EB0747 /* Release */,
			);
			defaultConfigurationIsVisible = 0;
			defaultConfigurationName = Release;
		};
		98CB4F33207650A000F32EEE /* Build configuration list for PBXNativeTarget "AppFollowTests" */ = {
			isa = XCConfigurationList;
			buildConfigurations = (
				98CB4F34207650A000F32EEE /* Debug */,
				98CB4F35207650A000F32EEE /* Release */,
			);
			defaultConfigurationIsVisible = 0;
			defaultConfigurationName = Release;
		};
/* End XCConfigurationList section */

/* Begin XCVersionGroup section */
		98087CA32069FAE000EB0747 /* AppFollow.xcdatamodeld */ = {
			isa = XCVersionGroup;
			children = (
				98087CA42069FAE000EB0747 /* AppFollow.xcdatamodel */,
			);
			currentVersion = 98087CA42069FAE000EB0747 /* AppFollow.xcdatamodel */;
			path = AppFollow.xcdatamodeld;
			sourceTree = "<group>";
			versionGroupType = wrapper.xcdatamodel;
		};
/* End XCVersionGroup section */
	};
	rootObject = 98087C912069FAE000EB0747 /* Project object */;
}
